# This file is generated by running "yarn install" inside your project.
# Manual changes might be lost - proceed with caution!

__metadata:
  version: 8
  cacheKey: 10c0

"@borewit/text-codec@npm:^0.2.1":
  version: 0.2.1
  resolution: "@borewit/text-codec@npm:0.2.1"
  checksum: 10c0/aabd9c86497197aacc9ddb413857f112a98a9fd4be9ed56a24971a47bbec7c0d5d449efcad830f9895009c1a5914e5c448f972a0c968e97c4ebf99297dea7a6b
  languageName: node
  linkType: hard

"@cacheable/memory@npm:^2.0.7":
  version: 2.0.7
  resolution: "@cacheable/memory@npm:2.0.7"
  dependencies:
    "@cacheable/utils": "npm:^2.3.3"
    "@keyv/bigmap": "npm:^1.3.0"
    hookified: "npm:^1.14.0"
    keyv: "npm:^5.5.5"
  checksum: 10c0/48a4cf290d70e1e84f52dd13504884761c845b54ec61a79504d7760cfaf06223c3b3f206d47e3ded1ea5c424c0b71090b68a0b5a1634282d3f7de9f12d4f864d
  languageName: node
  linkType: hard

"@cacheable/node-cache@npm:^1.4.0":
  version: 1.7.6
  resolution: "@cacheable/node-cache@npm:1.7.6"
  dependencies:
    cacheable: "npm:^2.3.1"
    hookified: "npm:^1.14.0"
    keyv: "npm:^5.5.5"
  checksum: 10c0/6c02a093d3321881aa0e120802a7c3b53ce410991ae92a97c14b33604a39b97dcde53c10a4a29440064ca204913948902a0120f70829b3cca91492659a560a9c
  languageName: node
  linkType: hard

"@cacheable/utils@npm:^2.3.3":
  version: 2.3.3
  resolution: "@cacheable/utils@npm:2.3.3"
  dependencies:
    hashery: "npm:^1.3.0"
    keyv: "npm:^5.5.5"
  checksum: 10c0/aa6198dcbd799055465efcaa9c91b11266218bd674bc889665efe7a230ecbce17fda2502aed51bd65062f20ad3af464841a72a93e8609d579535736526e3988c
  languageName: node
  linkType: hard

"@hapi/boom@npm:^9.1.3":
  version: 9.1.4
  resolution: "@hapi/boom@npm:9.1.4"
  dependencies:
    "@hapi/hoek": "npm:9.x.x"
  checksum: 10c0/49bb99443e7bdbbdc87ee8de97cd64351e173b57d7c59061c69972d2de77fb98f2f440c1be42b37e1ac04f57c60fbb79f8fd3e9e5695360add560c37e2d584db
  languageName: node
  linkType: hard

"@hapi/hoek@npm:9.x.x":
  version: 9.3.0
  resolution: "@hapi/hoek@npm:9.3.0"
  checksum: 10c0/a096063805051fb8bba4c947e293c664b05a32b47e13bc654c0dd43813a1cec993bdd8f29ceb838020299e1d0f89f68dc0d62a603c13c9cc8541963f0beca055
  languageName: node
  linkType: hard

"@keyv/bigmap@npm:^1.3.0":
  version: 1.3.1
  resolution: "@keyv/bigmap@npm:1.3.1"
  dependencies:
    hashery: "npm:^1.4.0"
    hookified: "npm:^1.15.0"
  peerDependencies:
    keyv: ^5.6.0
  checksum: 10c0/acc6a4a5edf462ce23e95672ab4bfaf7cd1941dff6bf3a2f671ce467961ace1fac9d3eb75a9ed9a8e92012e00a7d8b16ad1677bc539a52c3ad0cec31473e2349
  languageName: node
  linkType: hard

"@keyv/serialize@npm:^1.1.1":
  version: 1.1.1
  resolution: "@keyv/serialize@npm:1.1.1"
  checksum: 10c0/b0008cae4a54400c3abf587b8cc2474c6f528ee58969ce6cf9cb07a04006f80c73c85971d6be6544408318a2bc40108236a19a82aea0a6de95aae49533317374
  languageName: node
  linkType: hard

"@pinojs/redact@npm:^0.4.0":
  version: 0.4.0
  resolution: "@pinojs/redact@npm:0.4.0"
  checksum: 10c0/4b311ba17ee0cf154ff9c39eb063ec04cd0d0017cb3750efcdf06c2d485df3e1095e13e872175993568c5568c23e4508dd877c981bbc9c5ae5e384d569efcdff
  languageName: node
  linkType: hard

"@protobufjs/aspromise@npm:^1.1.1, @protobufjs/aspromise@npm:^1.1.2":
  version: 1.1.2
  resolution: "@protobufjs/aspromise@npm:1.1.2"
  checksum: 10c0/a83343a468ff5b5ec6bff36fd788a64c839e48a07ff9f4f813564f58caf44d011cd6504ed2147bf34835bd7a7dd2107052af755961c6b098fd8902b4f6500d0f
  languageName: node
  linkType: hard

"@protobufjs/base64@npm:^1.1.2":
  version: 1.1.2
  resolution: "@protobufjs/base64@npm:1.1.2"
  checksum: 10c0/eec925e681081af190b8ee231f9bad3101e189abbc182ff279da6b531e7dbd2a56f1f306f37a80b1be9e00aa2d271690d08dcc5f326f71c9eed8546675c8caf6
  languageName: node
  linkType: hard

"@protobufjs/codegen@npm:^2.0.4":
  version: 2.0.4
  resolution: "@protobufjs/codegen@npm:2.0.4"
  checksum: 10c0/26ae337c5659e41f091606d16465bbcc1df1f37cc1ed462438b1f67be0c1e28dfb2ca9f294f39100c52161aef82edf758c95d6d75650a1ddf31f7ddee1440b43
  languageName: node
  linkType: hard

"@protobufjs/eventemitter@npm:^1.1.0":
  version: 1.1.0
  resolution: "@protobufjs/eventemitter@npm:1.1.0"
  checksum: 10c0/1eb0a75180e5206d1033e4138212a8c7089a3d418c6dfa5a6ce42e593a4ae2e5892c4ef7421f38092badba4040ea6a45f0928869989411001d8c1018ea9a6e70
  languageName: node
  linkType: hard

"@protobufjs/fetch@npm:^1.1.0":
  version: 1.1.0
  resolution: "@protobufjs/fetch@npm:1.1.0"
  dependencies:
    "@protobufjs/aspromise": "npm:^1.1.1"
    "@protobufjs/inquire": "npm:^1.1.0"
  checksum: 10c0/cda6a3dc2d50a182c5865b160f72077aac197046600091dbb005dd0a66db9cce3c5eaed6d470ac8ed49d7bcbeef6ee5f0bc288db5ff9a70cbd003e5909065233
  languageName: node
  linkType: hard

"@protobufjs/float@npm:^1.0.2":
  version: 1.0.2
  resolution: "@protobufjs/float@npm:1.0.2"
  checksum: 10c0/18f2bdede76ffcf0170708af15c9c9db6259b771e6b84c51b06df34a9c339dbbeec267d14ce0bddd20acc142b1d980d983d31434398df7f98eb0c94a0eb79069
  languageName: node
  linkType: hard

"@protobufjs/inquire@npm:^1.1.0":
  version: 1.1.0
  resolution: "@protobufjs/inquire@npm:1.1.0"
  checksum: 10c0/64372482efcba1fb4d166a2664a6395fa978b557803857c9c03500e0ac1013eb4b1aacc9ed851dd5fc22f81583670b4f4431bae186f3373fedcfde863ef5921a
  languageName: node
  linkType: hard

"@protobufjs/path@npm:^1.1.2":
  version: 1.1.2
  resolution: "@protobufjs/path@npm:1.1.2"
  checksum: 10c0/cece0a938e7f5dfd2fa03f8c14f2f1cf8b0d6e13ac7326ff4c96ea311effd5fb7ae0bba754fbf505312af2e38500250c90e68506b97c02360a43793d88a0d8b4
  languageName: node
  linkType: hard

"@protobufjs/pool@npm:^1.1.0":
  version: 1.1.0
  resolution: "@protobufjs/pool@npm:1.1.0"
  checksum: 10c0/eda2718b7f222ac6e6ad36f758a92ef90d26526026a19f4f17f668f45e0306a5bd734def3f48f51f8134ae0978b6262a5c517c08b115a551756d1a3aadfcf038
  languageName: node
  linkType: hard

"@protobufjs/utf8@npm:^1.1.0":
  version: 1.1.0
  resolution: "@protobufjs/utf8@npm:1.1.0"
  checksum: 10c0/a3fe31fe3fa29aa3349e2e04ee13dc170cc6af7c23d92ad49e3eeaf79b9766264544d3da824dba93b7855bd6a2982fb40032ef40693da98a136d835752beb487
  languageName: node
  linkType: hard

"@tokenizer/inflate@npm:^0.4.1":
  version: 0.4.1
  resolution: "@tokenizer/inflate@npm:0.4.1"
  dependencies:
    debug: "npm:^4.4.3"
    token-types: "npm:^6.1.1"
  checksum: 10c0/9817516efe21d1ce3bdfb80a1f94efc8981064ce3873448ba79f4d81d96c0694c484c289bd042d346ae5536cf77f5aa9a367d39c3df700eb610761b7c306b4de
  languageName: node
  linkType: hard

"@tokenizer/token@npm:^0.3.0":
  version: 0.3.0
  resolution: "@tokenizer/token@npm:0.3.0"
  checksum: 10c0/7ab9a822d4b5ff3f5bca7f7d14d46bdd8432528e028db4a52be7fbf90c7f495cc1af1324691dda2813c6af8dc4b8eb29de3107d4508165f9aa5b53e7d501f155
  languageName: node
  linkType: hard

"@types/long@npm:^4.0.0":
  version: 4.0.2
  resolution: "@types/long@npm:4.0.2"
  checksum: 10c0/42ec66ade1f72ff9d143c5a519a65efc7c1c77be7b1ac5455c530ae9acd87baba065542f8847522af2e3ace2cc999f3ad464ef86e6b7352eece34daf88f8c924
  languageName: node
  linkType: hard

"@types/node@npm:>=13.7.0":
  version: 25.0.10
  resolution: "@types/node@npm:25.0.10"
  dependencies:
    undici-types: "npm:~7.16.0"
  checksum: 10c0/9edc3c812b487c32c76eebac7c87acae1f69515a0bc3f6b545806d513eb9e918c3217bf751dc93da39f60e06bf1b0caa92258ef3a6dd6457124b2e761e54f61f
  languageName: node
  linkType: hard

"@types/node@npm:^10.1.0":
  version: 10.17.60
  resolution: "@types/node@npm:10.17.60"
  checksum: 10c0/0742294912a6e79786cdee9ed77cff6ee8ff007b55d8e21170fc3e5994ad3a8101fea741898091876f8dc32b0a5ae3d64537b7176799e92da56346028d2cbcd2
  languageName: node
  linkType: hard

"@whiskeysockets/baileys@npm:^7.0.0-rc.9":
  version: 7.0.0-rc.9
  resolution: "@whiskeysockets/baileys@npm:7.0.0-rc.9"
  dependencies:
    "@cacheable/node-cache": "npm:^1.4.0"
    "@hapi/boom": "npm:^9.1.3"
    async-mutex: "npm:^0.5.0"
    libsignal: "git+https://github.com/whiskeysockets/libsignal-node.git"
    lru-cache: "npm:^11.1.0"
    music-metadata: "npm:^11.7.0"
    p-queue: "npm:^9.0.0"
    pino: "npm:^9.6"
    protobufjs: "npm:^7.2.4"
    ws: "npm:^8.13.0"
  peerDependencies:
    audio-decode: ^2.1.3
    jimp: ^1.6.0
    link-preview-js: ^3.0.0
    sharp: "*"
  peerDependenciesMeta:
    audio-decode:
      optional: true
    jimp:
      optional: true
    link-preview-js:
      optional: true
  checksum: 10c0/2a6e46038fef2e8b5fba93dfb0c3e65cf712dbede8494c473da6a064143033a2038c20454ab44202df2aa60f8ce8027889aa5b1cd736418c0e0d219e79f1517d
  languageName: node
  linkType: hard

"async-mutex@npm:^0.5.0":
  version: 0.5.0
  resolution: "async-mutex@npm:0.5.0"
  dependencies:
    tslib: "npm:^2.4.0"
  checksum: 10c0/9096e6ad6b674c894d8ddd5aa4c512b09bb05931b8746ebd634952b05685608b2b0820ed5c406e6569919ff5fe237ab3c491e6f2887d6da6b6ba906db3ee9c32
  languageName: node
  linkType: hard

"atomic-sleep@npm:^1.0.0":
  version: 1.0.0
  resolution: "atomic-sleep@npm:1.0.0"
  checksum: 10c0/e329a6665512736a9bbb073e1761b4ec102f7926cce35037753146a9db9c8104f5044c1662e4a863576ce544fb8be27cd2be6bc8c1a40147d03f31eb1cfb6e8a
  languageName: node
  linkType: hard

"cacheable@npm:^2.3.1":
  version: 2.3.2
  resolution: "cacheable@npm:2.3.2"
  dependencies:
    "@cacheable/memory": "npm:^2.0.7"
    "@cacheable/utils": "npm:^2.3.3"
    hookified: "npm:^1.15.0"
    keyv: "npm:^5.5.5"
    qified: "npm:^0.6.0"
  checksum: 10c0/e8880d03a0c644dcf0e5df329942f121aecdbe75b99c736342c9d1b3b17a25ea2519fb21748aa709b188f4dfeec67e5277ab47b27c5d3cffa2ef3cc6e521d759
  languageName: node
  linkType: hard

"content-type@npm:^1.0.5":
  version: 1.0.5
  resolution: "content-type@npm:1.0.5"
  checksum: 10c0/b76ebed15c000aee4678c3707e0860cb6abd4e680a598c0a26e17f0bfae723ec9cc2802f0ff1bc6e4d80603719010431d2231018373d4dde10f9ccff9dadf5af
  languageName: node
  linkType: hard

"curve25519-js@npm:^0.0.4":
  version: 0.0.4
  resolution: "curve25519-js@npm:0.0.4"
  checksum: 10c0/5b6c3a0dcaf045588aa78c2d1113310bf93fda9c59bd533b2a06da807024eec92feb39b203d1db9c09eda94bba1252d507fb3901283d32898e43090546785ddd
  languageName: node
  linkType: hard

"debug@npm:^4.4.3":
  version: 4.4.3
  resolution: "debug@npm:4.4.3"
  dependencies:
    ms: "npm:^2.1.3"
  peerDependenciesMeta:
    supports-color:
      optional: true
  checksum: 10c0/d79136ec6c83ecbefd0f6a5593da6a9c91ec4d7ddc4b54c883d6e71ec9accb5f67a1a5e96d00a328196b5b5c86d365e98d8a3a70856aaf16b4e7b1985e67f5a6
  languageName: node
  linkType: hard

"dotenv@npm:^17.2.3":
  version: 17.2.3
  resolution: "dotenv@npm:17.2.3"
  checksum: 10c0/c884403209f713214a1b64d4d1defa4934c2aa5b0002f5a670ae298a51e3c3ad3ba79dfee2f8df49f01ae74290fcd9acdb1ab1d09c7bfb42b539036108bb2ba0
  languageName: node
  linkType: hard

"eventemitter3@npm:^5.0.1":
  version: 5.0.4
  resolution: "eventemitter3@npm:5.0.4"
  checksum: 10c0/575b8cac8d709e1473da46f8f15ef311b57ff7609445a7c71af5cd42598583eee6f098fa7a593e30f27e94b8865642baa0689e8fa97c016f742abdb3b1bf6d9a
  languageName: node
  linkType: hard

"file-type@npm:^21.3.0":
  version: 21.3.0
  resolution: "file-type@npm:21.3.0"
  dependencies:
    "@tokenizer/inflate": "npm:^0.4.1"
    strtok3: "npm:^10.3.4"
    token-types: "npm:^6.1.1"
    uint8array-extras: "npm:^1.4.0"
  checksum: 10c0/1b1fa909e6063044a6da1d2ea348ee4d747ed9286382d3f0d4d6532c11fb2ea9f2e7e67b2bc7d745d1bc937e05dee1aa8cb912c64250933bcb393a3744f4e284
  languageName: node
  linkType: hard

"hashery@npm:^1.3.0, hashery@npm:^1.4.0":
  version: 1.4.0
  resolution: "hashery@npm:1.4.0"
  dependencies:
    hookified: "npm:^1.14.0"
  checksum: 10c0/34e0c72f7eac78676ee81f7b4f8263cbc591d2eb66229c3fd8812d006362a43436038b07e07580d6cfa512954d674a01a045e0d4c6968cc13c1d817d638bfcbf
  languageName: node
  linkType: hard

"hookified@npm:^1.14.0, hookified@npm:^1.15.0":
  version: 1.15.0
  resolution: "hookified@npm:1.15.0"
  checksum: 10c0/bb8e2b34d6e6c1a00fd946ebbb3988fd826ac1c7ae103507d3402ab94defdb09d1fafb37cec6eae48e60ba56217ef89b803b885ccf4156c149e499d05a7741ec
  languageName: node
  linkType: hard

"ieee754@npm:^1.2.1":
  version: 1.2.1
  resolution: "ieee754@npm:1.2.1"
  checksum: 10c0/b0782ef5e0935b9f12883a2e2aa37baa75da6e66ce6515c168697b42160807d9330de9a32ec1ed73149aea02e0d822e572bca6f1e22bdcbd2149e13b050b17bb
  languageName: node
  linkType: hard

"keyv@npm:^5.5.5":
  version: 5.6.0
  resolution: "keyv@npm:5.6.0"
  dependencies:
    "@keyv/serialize": "npm:^1.1.1"
  checksum: 10c0/c3ea795b6e03593ca57c8f70928a69bad14c13389a7fb75649a115ff55615244b04d8902798d841c17f0bb4a8a8866c97133b543b93f151b440170bba09176db
  languageName: node
  linkType: hard

"libsignal@git+https://github.com/whiskeysockets/libsignal-node.git":
  version: 2.0.1
  resolution: "libsignal@https://github.com/whiskeysockets/libsignal-node.git#commit=1c30d7d7e76a3b0aa120b04dc6a26f5a12dccf67"
  dependencies:
    curve25519-js: "npm:^0.0.4"
    protobufjs: "npm:6.8.8"
  checksum: 10c0/346e64d5185aff2e640c013938f8272396ea1fd99492ed71d428731c5d6d362c3125eec9ff155ab93498a89232fb84d723ed7cafd6dc53ed3728cfe2bcba2bab
  languageName: node
  linkType: hard

"long@npm:^4.0.0":
  version: 4.0.0
  resolution: "long@npm:4.0.0"
  checksum: 10c0/50a6417d15b06104dbe4e3d4a667c39b137f130a9108ea8752b352a4cfae047531a3ac351c181792f3f8768fe17cca6b0f406674a541a86fb638aaac560d83ed
  languageName: node
  linkType: hard

"long@npm:^5.0.0":
  version: 5.3.2
  resolution: "long@npm:5.3.2"
  checksum: 10c0/7130fe1cbce2dca06734b35b70d380ca3f70271c7f8852c922a7c62c86c4e35f0c39290565eca7133c625908d40e126ac57c02b1b1a4636b9457d77e1e60b981
  languageName: node
  linkType: hard

"lru-cache@npm:^11.1.0":
  version: 11.2.4
  resolution: "lru-cache@npm:11.2.4"
  checksum: 10c0/4a24f9b17537619f9144d7b8e42cd5a225efdfd7076ebe7b5e7dc02b860a818455201e67fbf000765233fe7e339d3c8229fc815e9b58ee6ede511e07608c19b2
  languageName: node
  linkType: hard

"media-typer@npm:^1.1.0":
  version: 1.1.0
  resolution: "media-typer@npm:1.1.0"
  checksum: 10c0/7b4baa40b25964bb90e2121ee489ec38642127e48d0cc2b6baa442688d3fde6262bfdca86d6bbf6ba708784afcac168c06840c71facac70e390f5f759ac121b9
  languageName: node
  linkType: hard

"ms@npm:^2.1.3":
  version: 2.1.3
  resolution: "ms@npm:2.1.3"
  checksum: 10c0/d924b57e7312b3b63ad21fc5b3dc0af5e78d61a1fc7cfb5457edaf26326bf62be5307cc87ffb6862ef1c2b33b0233cdb5d4f01c4c958cc0d660948b65a287a48
  languageName: node
  linkType: hard

"music-metadata@npm:^11.7.0":
  version: 11.10.6
  resolution: "music-metadata@npm:11.10.6"
  dependencies:
    "@borewit/text-codec": "npm:^0.2.1"
    "@tokenizer/token": "npm:^0.3.0"
    content-type: "npm:^1.0.5"
    debug: "npm:^4.4.3"
    file-type: "npm:^21.3.0"
    media-typer: "npm:^1.1.0"
    strtok3: "npm:^10.3.4"
    token-types: "npm:^6.1.2"
    uint8array-extras: "npm:^1.5.0"
    win-guid: "npm:^0.1.3"
  checksum: 10c0/1e17573d588313f1c9b88dc07f993a351214bde09da3313d4cbd16341c47d3759b0e9bd35c6b2c8e777cc0575be28e90d3973abfa9faf3f28bb323ab9dedfda5
  languageName: node
  linkType: hard

"on-exit-leak-free@npm:^2.1.0":
  version: 2.1.2
  resolution: "on-exit-leak-free@npm:2.1.2"
  checksum: 10c0/faea2e1c9d696ecee919026c32be8d6a633a7ac1240b3b87e944a380e8a11dc9c95c4a1f8fb0568de7ab8db3823e790f12bda45296b1d111e341aad3922a0570
  languageName: node
  linkType: hard

"p-queue@npm:^9.0.0":
  version: 9.1.0
  resolution: "p-queue@npm:9.1.0"
  dependencies:
    eventemitter3: "npm:^5.0.1"
    p-timeout: "npm:^7.0.0"
  checksum: 10c0/f6bb4644997c20cbbf68c0c88208283697c6c9b1e1879f2073791b1ffcb2d2eb0a9fe35c9631e0c74bd6562ef159b87b418d48df7e7b30e5ddb4d99055bb5c92
  languageName: node
  linkType: hard

"p-timeout@npm:^7.0.0":
  version: 7.0.1
  resolution: "p-timeout@npm:7.0.1"
  checksum: 10c0/87d96529d1096d506607218dba6f9ec077c6dbedd0c2e2788c748e33bcd05faae8a81009fd9d22ec0b3c95fc83f4717306baba223f6e464737d8b99294c3e863
  languageName: node
  linkType: hard

"pino-abstract-transport@npm:^2.0.0":
  version: 2.0.0
  resolution: "pino-abstract-transport@npm:2.0.0"
  dependencies:
    split2: "npm:^4.0.0"
  checksum: 10c0/02c05b8f2ffce0d7c774c8e588f61e8b77de8ccb5f8125afd4a7325c9ea0e6af7fb78168999657712ae843e4462bb70ac550dfd6284f930ee57f17f486f25a9f
  languageName: node
  linkType: hard

"pino-abstract-transport@npm:^3.0.0":
  version: 3.0.0
  resolution: "pino-abstract-transport@npm:3.0.0"
  dependencies:
    split2: "npm:^4.0.0"
  checksum: 10c0/4486e1b9508110aaf963d07741ac98d660b974dd51d8ad42077d215118e27cda20c64da46c07c926898d52540aab7c6b9c37dc0f5355c203bb1d6a72b5bd8d6c
  languageName: node
  linkType: hard

"pino-std-serializers@npm:^7.0.0":
  version: 7.1.0
  resolution: "pino-std-serializers@npm:7.1.0"
  checksum: 10c0/d158615aa93ebdeac2d3912ad4227a23ef78cf14229e886214771f581e96eff312257f2d6368c75b2fbf53e5024eda475d81305014f4ed1a6d5eeab9107f6ef0
  languageName: node
  linkType: hard

"pino@npm:^10.2.1":
  version: 10.2.1
  resolution: "pino@npm:10.2.1"
  dependencies:
    "@pinojs/redact": "npm:^0.4.0"
    atomic-sleep: "npm:^1.0.0"
    on-exit-leak-free: "npm:^2.1.0"
    pino-abstract-transport: "npm:^3.0.0"
    pino-std-serializers: "npm:^7.0.0"
    process-warning: "npm:^5.0.0"
    quick-format-unescaped: "npm:^4.0.3"
    real-require: "npm:^0.2.0"
    safe-stable-stringify: "npm:^2.3.1"
    sonic-boom: "npm:^4.0.1"
    thread-stream: "npm:^4.0.0"
  bin:
    pino: bin.js
  checksum: 10c0/2eaed48bb7fb8865e27ac6d6709383f5c117f1e59c818734c7cc22b362e9aa5846a0547e7fd9cde64088a3b48aa314e1dab07ee16da8dc3b87897970eb56843e
  languageName: node
  linkType: hard

"pino@npm:^9.6":
  version: 9.14.0
  resolution: "pino@npm:9.14.0"
  dependencies:
    "@pinojs/redact": "npm:^0.4.0"
    atomic-sleep: "npm:^1.0.0"
    on-exit-leak-free: "npm:^2.1.0"
    pino-abstract-transport: "npm:^2.0.0"
    pino-std-serializers: "npm:^7.0.0"
    process-warning: "npm:^5.0.0"
    quick-format-unescaped: "npm:^4.0.3"
    real-require: "npm:^0.2.0"
    safe-stable-stringify: "npm:^2.3.1"
    sonic-boom: "npm:^4.0.1"
    thread-stream: "npm:^3.0.0"
  bin:
    pino: bin.js
  checksum: 10c0/9a10d9bf820a585eae9bc270fb4e55c895e48280d54adbbb4063ec061694b22d8809c80203cf5fe9f920a54c832b0b8dfb67cb28a04baa13abebaf261a9c9f3e
  languageName: node
  linkType: hard

"process-warning@npm:^5.0.0":
  version: 5.0.0
  resolution: "process-warning@npm:5.0.0"
  checksum: 10c0/941f48863d368ec161e0b5890ba0c6af94170078f3d6b5e915c19b36fb59edb0dc2f8e834d25e0d375a8bf368a49d490f080508842168832b93489d17843ec29
  languageName: node
  linkType: hard

"protobufjs@npm:6.8.8":
  version: 6.8.8
  resolution: "protobufjs@npm:6.8.8"
  dependencies:
    "@protobufjs/aspromise": "npm:^1.1.2"
    "@protobufjs/base64": "npm:^1.1.2"
    "@protobufjs/codegen": "npm:^2.0.4"
    "@protobufjs/eventemitter": "npm:^1.1.0"
    "@protobufjs/fetch": "npm:^1.1.0"
    "@protobufjs/float": "npm:^1.0.2"
    "@protobufjs/inquire": "npm:^1.1.0"
    "@protobufjs/path": "npm:^1.1.2"
    "@protobufjs/pool": "npm:^1.1.0"
    "@protobufjs/utf8": "npm:^1.1.0"
    "@types/long": "npm:^4.0.0"
    "@types/node": "npm:^10.1.0"
    long: "npm:^4.0.0"
  bin:
    pbjs: bin/pbjs
    pbts: bin/pbts
  checksum: 10c0/2511ed6089245b2102c333ac56190b104f8d8227972c00f041def8387abf841fded7b2cb7130063666b7bca84597a43005ea05c5f674132a0ddd5eb94a6e7916
  languageName: node
  linkType: hard

"protobufjs@npm:^7.2.4":
  version: 7.5.4
  resolution: "protobufjs@npm:7.5.4"
  dependencies:
    "@protobufjs/aspromise": "npm:^1.1.2"
    "@protobufjs/base64": "npm:^1.1.2"
    "@protobufjs/codegen": "npm:^2.0.4"
    "@protobufjs/eventemitter": "npm:^1.1.0"
    "@protobufjs/fetch": "npm:^1.1.0"
    "@protobufjs/float": "npm:^1.0.2"
    "@protobufjs/inquire": "npm:^1.1.0"
    "@protobufjs/path": "npm:^1.1.2"
    "@protobufjs/pool": "npm:^1.1.0"
    "@protobufjs/utf8": "npm:^1.1.0"
    "@types/node": "npm:>=13.7.0"
    long: "npm:^5.0.0"
  checksum: 10c0/913b676109ffb3c05d3d31e03a684e569be91f3bba8613da4a683d69d9dba948daa2afd7d2e7944d1aa6c417890c35d9d9a8883c1160affafb0f9670d59ef722
  languageName: node
  linkType: hard

"qified@npm:^0.6.0":
  version: 0.6.0
  resolution: "qified@npm:0.6.0"
  dependencies:
    hookified: "npm:^1.14.0"
  checksum: 10c0/2c05b137a592ef0efddab6d4c34796486969ec6b8c52ea45d62e2f1b0e9179bc231e3a1e023a3ebf0f30a1dd40a497832b0ac8df963bad66d3ea56ed58bd11fb
  languageName: node
  linkType: hard

"qrcode-terminal@npm:^0.12.0":
  version: 0.12.0
  resolution: "qrcode-terminal@npm:0.12.0"
  bin:
    qrcode-terminal: ./bin/qrcode-terminal.js
  checksum: 10c0/1d8996a743d6c95e22056bd45fe958c306213adc97d7ef8cf1e03bc1aeeb6f27180a747ec3d761141921351eb1e3ca688f7b673ab54cdae9fa358dffaa49563c
  languageName: node
  linkType: hard

"quick-format-unescaped@npm:^4.0.3":
  version: 4.0.4
  resolution: "quick-format-unescaped@npm:4.0.4"
  checksum: 10c0/fe5acc6f775b172ca5b4373df26f7e4fd347975578199e7d74b2ae4077f0af05baa27d231de1e80e8f72d88275ccc6028568a7a8c9ee5e7368ace0e18eff93a4
  languageName: node
  linkType: hard

"real-require@npm:^0.2.0":
  version: 0.2.0
  resolution: "real-require@npm:0.2.0"
  checksum: 10c0/23eea5623642f0477412ef8b91acd3969015a1501ed34992ada0e3af521d3c865bb2fe4cdbfec5fe4b505f6d1ef6a03e5c3652520837a8c3b53decff7e74b6a0
  languageName: node
  linkType: hard

"safe-stable-stringify@npm:^2.3.1":
  version: 2.5.0
  resolution: "safe-stable-stringify@npm:2.5.0"
  checksum: 10c0/baea14971858cadd65df23894a40588ed791769db21bafb7fd7608397dbdce9c5aac60748abae9995e0fc37e15f2061980501e012cd48859740796bea2987f49
  languageName: node
  linkType: hard

"sonic-boom@npm:^4.0.1":
  version: 4.2.0
  resolution: "sonic-boom@npm:4.2.0"
  dependencies:
    atomic-sleep: "npm:^1.0.0"
  checksum: 10c0/ae897e6c2cd6d3cb7cdcf608bc182393b19c61c9413a85ce33ffd25891485589f39bece0db1de24381d0a38fc03d08c9862ded0c60f184f1b852f51f97af9684
  languageName: node
  linkType: hard

"split2@npm:^4.0.0":
  version: 4.2.0
  resolution: "split2@npm:4.2.0"
  checksum: 10c0/b292beb8ce9215f8c642bb68be6249c5a4c7f332fc8ecadae7be5cbdf1ea95addc95f0459ef2e7ad9d45fd1064698a097e4eb211c83e772b49bc0ee423e91534
  languageName: node
  linkType: hard

"strtok3@npm:^10.3.4":
  version: 10.3.4
  resolution: "strtok3@npm:10.3.4"
  dependencies:
    "@tokenizer/token": "npm:^0.3.0"
  checksum: 10c0/277ab69e417f4545e364ffaf9d560c991f531045dbace32d77b5c822cccd76a608b782785a2c60595274288d4d32dced184a5c21dc20348791da697127dc69a8
  languageName: node
  linkType: hard

"thread-stream@npm:^3.0.0":
  version: 3.1.0
  resolution: "thread-stream@npm:3.1.0"
  dependencies:
    real-require: "npm:^0.2.0"
  checksum: 10c0/c36118379940b77a6ef3e6f4d5dd31e97b8210c3f7b9a54eb8fe6358ab173f6d0acfaf69b9c3db024b948c0c5fd2a7df93e2e49151af02076b35ada3205ec9a6
  languageName: node
  linkType: hard

"thread-stream@npm:^4.0.0":
  version: 4.0.0
  resolution: "thread-stream@npm:4.0.0"
  dependencies:
    real-require: "npm:^0.2.0"
  checksum: 10c0/f0a47a673af574062df20140ec3e857d679365253fcaa98a76c167c9a053ee03291f4b25bd89b078c7f6a48f07f49d5a49e4f5598bb1c8a263ec15955a018fbd
  languageName: node
  linkType: hard

"token-types@npm:^6.1.1, token-types@npm:^6.1.2":
  version: 6.1.2
  resolution: "token-types@npm:6.1.2"
  dependencies:
    "@borewit/text-codec": "npm:^0.2.1"
    "@tokenizer/token": "npm:^0.3.0"
    ieee754: "npm:^1.2.1"
  checksum: 10c0/8786e28e3cb65b9e890bc3c38def98e6dfe4565538237f8c0e47dbe549ed8f5f00de8dc464717868308abb4729f1958f78f69e1c4c3deebbb685729113a6fee8
  languageName: node
  linkType: hard

"tslib@npm:^2.4.0":
  version: 2.8.1
  resolution: "tslib@npm:2.8.1"
  checksum: 10c0/9c4759110a19c53f992d9aae23aac5ced636e99887b51b9e61def52611732872ff7668757d4e4c61f19691e36f4da981cd9485e869b4a7408d689f6bf1f14e62
  languageName: node
  linkType: hard

"uint8array-extras@npm:^1.4.0, uint8array-extras@npm:^1.5.0":
  version: 1.5.0
  resolution: "uint8array-extras@npm:1.5.0"
  checksum: 10c0/0e74641ac7dadb02eadefc1ccdadba6010e007757bda824960de3c72bbe2b04e6d3af75648441f412148c4103261d54fcb60be45a2863beb76643a55fddba3bd
  languageName: node
  linkType: hard

"undici-types@npm:~7.16.0":
  version: 7.16.0
  resolution: "undici-types@npm:7.16.0"
  checksum: 10c0/3033e2f2b5c9f1504bdc5934646cb54e37ecaca0f9249c983f7b1fc2e87c6d18399ebb05dc7fd5419e02b2e915f734d872a65da2e3eeed1813951c427d33cc9a
  languageName: node
  linkType: hard

"wa-gateway@workspace:.":
  version: 0.0.0-use.local
  resolution: "wa-gateway@workspace:."
  dependencies:
    "@whiskeysockets/baileys": "npm:^7.0.0-rc.9"
    dotenv: "npm:^17.2.3"
    pino: "npm:^10.2.1"
    qrcode-terminal: "npm:^0.12.0"
  languageName: unknown
  linkType: soft

"win-guid@npm:^0.1.3":
  version: 0.1.3
  resolution: "win-guid@npm:0.1.3"
  checksum: 10c0/20ab9bfb1d189746b955579adca96084e6d2f3ef216adf1c08a567484500f1b2902a414bc0120472b6b797b4f95629da658a1f01315519525b1d4b5d07b0629b
  languageName: node
  linkType: hard

"ws@npm:^8.13.0":
  version: 8.19.0
  resolution: "ws@npm:8.19.0"
  peerDependencies:
    bufferutil: ^4.0.1
    utf-8-validate: ">=5.0.2"
  peerDependenciesMeta:
    bufferutil:
      optional: true
    utf-8-validate:
      optional: true
  checksum: 10c0/4741d9b9bc3f9c791880882414f96e36b8b254e34d4b503279d6400d9a4b87a033834856dbdd94ee4b637944df17ea8afc4bce0ff4a1560d2166be8855da5b04
  languageName: node
  linkType: hard
